// !$*UTF8*$!
{
	archiveVersion = 1;
	classes = {
	};
	objectVersion = 50;
	objects = {

/* Begin PBXBuildFile section */
		5607884124654E3100C562E5 /* AppDelegate.swift in Sources */ = {isa = PBXBuildFile; fileRef = 5607884024654E3100C562E5 /* AppDelegate.swift */; };
		5607884324654E3100C562E5 /* SceneDelegate.swift in Sources */ = {isa = PBXBuildFile; fileRef = 5607884224654E3100C562E5 /* SceneDelegate.swift */; };
		5607884524654E3100C562E5 /* ViewController.swift in Sources */ = {isa = PBXBuildFile; fileRef = 5607884424654E3100C562E5 /* ViewController.swift */; };
		5607884824654E3100C562E5 /* Main.storyboard in Resources */ = {isa = PBXBuildFile; fileRef = 5607884624654E3100C562E5 /* Main.storyboard */; };
		5607884B24654E3100C562E5 /* Design_Patterns.xcdatamodeld in Sources */ = {isa = PBXBuildFile; fileRef = 5607884924654E3100C562E5 /* Design_Patterns.xcdatamodeld */; };
		5607884D24654E3400C562E5 /* Assets.xcassets in Resources */ = {isa = PBXBuildFile; fileRef = 5607884C24654E3400C562E5 /* Assets.xcassets */; };
		5607885024654E3400C562E5 /* LaunchScreen.storyboard in Resources */ = {isa = PBXBuildFile; fileRef = 5607884E24654E3400C562E5 /* LaunchScreen.storyboard */; };
		5607885924654FBE00C562E5 /* ChainOfResponsibility.swift in Sources */ = {isa = PBXBuildFile; fileRef = 5607885824654FBE00C562E5 /* ChainOfResponsibility.swift */; };
		5631992224663CBE000B884D /* Command.swift in Sources */ = {isa = PBXBuildFile; fileRef = 5631992124663CBE000B884D /* Command.swift */; };
		56319925246640DA000B884D /* Interpreter.swift in Sources */ = {isa = PBXBuildFile; fileRef = 56319924246640DA000B884D /* Interpreter.swift */; };
		56319928246646CC000B884D /* Iterator.swift in Sources */ = {isa = PBXBuildFile; fileRef = 56319927246646CC000B884D /* Iterator.swift */; };
		5631992B24664C24000B884D /* SimpleFactoryPattern.swift in Sources */ = {isa = PBXBuildFile; fileRef = 5631992A24664C24000B884D /* SimpleFactoryPattern.swift */; };
		5631992E2466506E000B884D /* FactoryMethodPattern.swift in Sources */ = {isa = PBXBuildFile; fileRef = 5631992D2466506E000B884D /* FactoryMethodPattern.swift */; };
		56319931246652F5000B884D /* AbstractFactoryPattern.swift in Sources */ = {isa = PBXBuildFile; fileRef = 56319930246652F5000B884D /* AbstractFactoryPattern.swift */; };
		5631993424665800000B884D /* SingletonPattern.swift in Sources */ = {isa = PBXBuildFile; fileRef = 5631993324665800000B884D /* SingletonPattern.swift */; };
		5631993724665CAE000B884D /* BuilderPattern.swift in Sources */ = {isa = PBXBuildFile; fileRef = 5631993624665CAE000B884D /* BuilderPattern.swift */; };
		5631993A24666B2E000B884D /* PrototypePattern.swift in Sources */ = {isa = PBXBuildFile; fileRef = 5631993924666B2E000B884D /* PrototypePattern.swift */; };
		5631993D24668268000B884D /* FacadePattern.swift in Sources */ = {isa = PBXBuildFile; fileRef = 5631993C24668268000B884D /* FacadePattern.swift */; };
		563199402466907D000B884D /* AdapterPattern.swift in Sources */ = {isa = PBXBuildFile; fileRef = 5631993F2466907D000B884D /* AdapterPattern.swift */; };
		563199432466A801000B884D /* BridgePattern.swift in Sources */ = {isa = PBXBuildFile; fileRef = 563199422466A801000B884D /* BridgePattern.swift */; };
		563199462468E3D6000B884D /* ProxyPattern.swift in Sources */ = {isa = PBXBuildFile; fileRef = 563199452468E3D6000B884D /* ProxyPattern.swift */; };
		563199492468E8D2000B884D /* DecoratorPattern.swift in Sources */ = {isa = PBXBuildFile; fileRef = 563199482468E8D2000B884D /* DecoratorPattern.swift */; };
		5631994C2468FB29000B884D /* FlyweightPattern.swift in Sources */ = {isa = PBXBuildFile; fileRef = 5631994B2468FB29000B884D /* FlyweightPattern.swift */; };
		5631994F24691B34000B884D /* TemplateMethodPattern.swift in Sources */ = {isa = PBXBuildFile; fileRef = 5631994E24691B34000B884D /* TemplateMethodPattern.swift */; };
		5631995224691B5B000B884D /* StrategyPattern.swift in Sources */ = {isa = PBXBuildFile; fileRef = 5631995124691B5B000B884D /* StrategyPattern.swift */; };
		5631995524691B72000B884D /* StatePattern.swift in Sources */ = {isa = PBXBuildFile; fileRef = 5631995424691B72000B884D /* StatePattern.swift */; };
		5631995824691B8A000B884D /* ObserverPattern.swift in Sources */ = {isa = PBXBuildFile; fileRef = 5631995724691B8A000B884D /* ObserverPattern.swift */; };
		5631995B24691BB0000B884D /* MediatorPattern.swift in Sources */ = {isa = PBXBuildFile; fileRef = 5631995A24691BB0000B884D /* MediatorPattern.swift */; };
/* End PBXBuildFile section */

/* Begin PBXFileReference section */
		5607883D24654E3100C562E5 /* Design-Patterns.app */ = {isa = PBXFileReference; explicitFileType = wrapper.application; includeInIndex = 0; path = "Design-Patterns.app"; sourceTree = BUILT_PRODUCTS_DIR; };
		5607884024654E3100C562E5 /* AppDelegate.swift */ = {isa = PBXFileReference; lastKnownFileType = sourcecode.swift; path = AppDelegate.swift; sourceTree = "<group>"; };
		5607884224654E3100C562E5 /* SceneDelegate.swift */ = {isa = PBXFileReference; lastKnownFileType = sourcecode.swift; path = SceneDelegate.swift; sourceTree = "<group>"; };
		5607884424654E3100C562E5 /* ViewController.swift */ = {isa = PBXFileReference; lastKnownFileType = sourcecode.swift; path = ViewController.swift; sourceTree = "<group>"; };
		5607884724654E3100C562E5 /* Base */ = {isa = PBXFileReference; lastKnownFileType = file.storyboard; name = Base; path = Base.lproj/Main.storyboard; sourceTree = "<group>"; };
		5607884A24654E3100C562E5 /* Design_Patterns.xcdatamodel */ = {isa = PBXFileReference; lastKnownFileType = wrapper.xcdatamodel; path = Design_Patterns.xcdatamodel; sourceTree = "<group>"; };
		5607884C24654E3400C562E5 /* Assets.xcassets */ = {isa = PBXFileReference; lastKnownFileType = folder.assetcatalog; path = Assets.xcassets; sourceTree = "<group>"; };
		5607884F24654E3400C562E5 /* Base */ = {isa = PBXFileReference; lastKnownFileType = file.storyboard; name = Base; path = Base.lproj/LaunchScreen.storyboard; sourceTree = "<group>"; };
		5607885124654E3400C562E5 /* Info.plist */ = {isa = PBXFileReference; lastKnownFileType = text.plist.xml; path = Info.plist; sourceTree = "<group>"; };
		5607885824654FBE00C562E5 /* ChainOfResponsibility.swift */ = {isa = PBXFileReference; lastKnownFileType = sourcecode.swift; path = ChainOfResponsibility.swift; sourceTree = "<group>"; };
		5631992124663CBE000B884D /* Command.swift */ = {isa = PBXFileReference; lastKnownFileType = sourcecode.swift; path = Command.swift; sourceTree = "<group>"; };
		56319924246640DA000B884D /* Interpreter.swift */ = {isa = PBXFileReference; lastKnownFileType = sourcecode.swift; path = Interpreter.swift; sourceTree = "<group>"; };
		56319927246646CC000B884D /* Iterator.swift */ = {isa = PBXFileReference; lastKnownFileType = sourcecode.swift; path = Iterator.swift; sourceTree = "<group>"; };
		5631992A24664C24000B884D /* SimpleFactoryPattern.swift */ = {isa = PBXFileReference; lastKnownFileType = sourcecode.swift; path = SimpleFactoryPattern.swift; sourceTree = "<group>"; };
		5631992D2466506E000B884D /* FactoryMethodPattern.swift */ = {isa = PBXFileReference; lastKnownFileType = sourcecode.swift; path = FactoryMethodPattern.swift; sourceTree = "<group>"; };
		56319930246652F5000B884D /* AbstractFactoryPattern.swift */ = {isa = PBXFileReference; lastKnownFileType = sourcecode.swift; path = AbstractFactoryPattern.swift; sourceTree = "<group>"; };
		5631993324665800000B884D /* SingletonPattern.swift */ = {isa = PBXFileReference; lastKnownFileType = sourcecode.swift; path = SingletonPattern.swift; sourceTree = "<group>"; };
		5631993624665CAE000B884D /* BuilderPattern.swift */ = {isa = PBXFileReference; lastKnownFileType = sourcecode.swift; path = BuilderPattern.swift; sourceTree = "<group>"; };
		5631993924666B2E000B884D /* PrototypePattern.swift */ = {isa = PBXFileReference; lastKnownFileType = sourcecode.swift; path = PrototypePattern.swift; sourceTree = "<group>"; };
		5631993C24668268000B884D /* FacadePattern.swift */ = {isa = PBXFileReference; lastKnownFileType = sourcecode.swift; path = FacadePattern.swift; sourceTree = "<group>"; };
		5631993F2466907D000B884D /* AdapterPattern.swift */ = {isa = PBXFileReference; lastKnownFileType = sourcecode.swift; path = AdapterPattern.swift; sourceTree = "<group>"; };
		563199422466A801000B884D /* BridgePattern.swift */ = {isa = PBXFileReference; lastKnownFileType = sourcecode.swift; path = BridgePattern.swift; sourceTree = "<group>"; };
		563199452468E3D6000B884D /* ProxyPattern.swift */ = {isa = PBXFileReference; lastKnownFileType = sourcecode.swift; path = ProxyPattern.swift; sourceTree = "<group>"; };
		563199482468E8D2000B884D /* DecoratorPattern.swift */ = {isa = PBXFileReference; lastKnownFileType = sourcecode.swift; path = DecoratorPattern.swift; sourceTree = "<group>"; };
		5631994B2468FB29000B884D /* FlyweightPattern.swift */ = {isa = PBXFileReference; lastKnownFileType = sourcecode.swift; path = FlyweightPattern.swift; sourceTree = "<group>"; };
		5631994E24691B34000B884D /* TemplateMethodPattern.swift */ = {isa = PBXFileReference; lastKnownFileType = sourcecode.swift; path = TemplateMethodPattern.swift; sourceTree = "<group>"; };
		5631995124691B5B000B884D /* StrategyPattern.swift */ = {isa = PBXFileReference; lastKnownFileType = sourcecode.swift; path = StrategyPattern.swift; sourceTree = "<group>"; };
		5631995424691B72000B884D /* StatePattern.swift */ = {isa = PBXFileReference; lastKnownFileType = sourcecode.swift; path = StatePattern.swift; sourceTree = "<group>"; };
		5631995724691B8A000B884D /* ObserverPattern.swift */ = {isa = PBXFileReference; lastKnownFileType = sourcecode.swift; path = ObserverPattern.swift; sourceTree = "<group>"; };
		5631995A24691BB0000B884D /* MediatorPattern.swift */ = {isa = PBXFileReference; lastKnownFileType = sourcecode.swift; path = MediatorPattern.swift; sourceTree = "<group>"; };
/* End PBXFileReference section */

/* Begin PBXFrameworksBuildPhase section */
		5607883A24654E3100C562E5 /* Frameworks */ = {
			isa = PBXFrameworksBuildPhase;
			buildActionMask = 2147483647;
			files = (
			);
			runOnlyForDeploymentPostprocessing = 0;
		};
/* End PBXFrameworksBuildPhase section */

/* Begin PBXGroup section */
		5607883424654E3100C562E5 = {
			isa = PBXGroup;
			children = (
				5607883F24654E3100C562E5 /* Design-Patterns */,
				5607883E24654E3100C562E5 /* Products */,
			);
			sourceTree = "<group>";
		};
		5607883E24654E3100C562E5 /* Products */ = {
			isa = PBXGroup;
			children = (
				5607883D24654E3100C562E5 /* Design-Patterns.app */,
			);
			name = Products;
			sourceTree = "<group>";
		};
		5607883F24654E3100C562E5 /* Design-Patterns */ = {
			isa = PBXGroup;
			children = (
				5631995924691BA2000B884D /* Mediator-Pattern */,
				5631995624691B7E000B884D /* Observer-Pattern */,
				5631995324691B66000B884D /* State-Pattern */,
				5631995024691B4F000B884D /* Strategy-Pattern */,
				5631994D24691B1F000B884D /* Template-Method-Pattern */,
				5631994A2468FB1C000B884D /* Flyweight-Pattern */,
				563199472468E8C1000B884D /* Decorator-Pattern */,
				563199442468E3C1000B884D /* Proxy-Pattern */,
				563199412466A66A000B884D /* Bridge-Pattern */,
				5631993E2466906F000B884D /* Adapter-Pattern */,
				5631993B2466825A000B884D /* Facade-Pattern */,
				5631993824666B1E000B884D /* Prototype-Pattern */,
				5631993524665C9B000B884D /* Builder-Pattern */,
				56319932246657F3000B884D /* Singleton-Pattern */,
				5631992F246652DA000B884D /* Abstract-Factory-Pattern */,
				5631992C2466505C000B884D /* Factory-Method-Pattern */,
				5631992924664C08000B884D /* Simple-Factory-Pattern */,
				56319926246646C2000B884D /* Iterator */,
				56319923246640D0000B884D /* Interpreter */,
				5631992024663CAF000B884D /* Command */,
				5607885724654E4D00C562E5 /* Chain-Of-Responsibility */,
				5607884024654E3100C562E5 /* AppDelegate.swift */,
				5607884224654E3100C562E5 /* SceneDelegate.swift */,
				5607884424654E3100C562E5 /* ViewController.swift */,
				5607884624654E3100C562E5 /* Main.storyboard */,
				5607884C24654E3400C562E5 /* Assets.xcassets */,
				5607884E24654E3400C562E5 /* LaunchScreen.storyboard */,
				5607885124654E3400C562E5 /* Info.plist */,
				5607884924654E3100C562E5 /* Design_Patterns.xcdatamodeld */,
			);
			path = "Design-Patterns";
			sourceTree = "<group>";
		};
		5607885724654E4D00C562E5 /* Chain-Of-Responsibility */ = {
			isa = PBXGroup;
			children = (
				5607885824654FBE00C562E5 /* ChainOfResponsibility.swift */,
			);
			path = "Chain-Of-Responsibility";
			sourceTree = "<group>";
		};
		5631992024663CAF000B884D /* Command */ = {
			isa = PBXGroup;
			children = (
				5631992124663CBE000B884D /* Command.swift */,
			);
			path = Command;
			sourceTree = "<group>";
		};
		56319923246640D0000B884D /* Interpreter */ = {
			isa = PBXGroup;
			children = (
				56319924246640DA000B884D /* Interpreter.swift */,
			);
			path = Interpreter;
			sourceTree = "<group>";
		};
		56319926246646C2000B884D /* Iterator */ = {
			isa = PBXGroup;
			children = (
				56319927246646CC000B884D /* Iterator.swift */,
			);
			path = Iterator;
			sourceTree = "<group>";
		};
		5631992924664C08000B884D /* Simple-Factory-Pattern */ = {
			isa = PBXGroup;
			children = (
				5631992A24664C24000B884D /* SimpleFactoryPattern.swift */,
			);
			path = "Simple-Factory-Pattern";
			sourceTree = "<group>";
		};
		5631992C2466505C000B884D /* Factory-Method-Pattern */ = {
			isa = PBXGroup;
			children = (
				5631992D2466506E000B884D /* FactoryMethodPattern.swift */,
			);
			path = "Factory-Method-Pattern";
			sourceTree = "<group>";
		};
		5631992F246652DA000B884D /* Abstract-Factory-Pattern */ = {
			isa = PBXGroup;
			children = (
				56319930246652F5000B884D /* AbstractFactoryPattern.swift */,
			);
			path = "Abstract-Factory-Pattern";
			sourceTree = "<group>";
		};
		56319932246657F3000B884D /* Singleton-Pattern */ = {
			isa = PBXGroup;
			children = (
				5631993324665800000B884D /* SingletonPattern.swift */,
			);
			path = "Singleton-Pattern";
			sourceTree = "<group>";
		};
		5631993524665C9B000B884D /* Builder-Pattern */ = {
			isa = PBXGroup;
			children = (
				5631993624665CAE000B884D /* BuilderPattern.swift */,
			);
			path = "Builder-Pattern";
			sourceTree = "<group>";
		};
		5631993824666B1E000B884D /* Prototype-Pattern */ = {
			isa = PBXGroup;
			children = (
				5631993924666B2E000B884D /* PrototypePattern.swift */,
			);
			path = "Prototype-Pattern";
			sourceTree = "<group>";
		};
		5631993B2466825A000B884D /* Facade-Pattern */ = {
			isa = PBXGroup;
			children = (
				5631993C24668268000B884D /* FacadePattern.swift */,
			);
			path = "Facade-Pattern";
			sourceTree = "<group>";
		};
		5631993E2466906F000B884D /* Adapter-Pattern */ = {
			isa = PBXGroup;
			children = (
				5631993F2466907D000B884D /* AdapterPattern.swift */,
			);
			path = "Adapter-Pattern";
			sourceTree = "<group>";
		};
		563199412466A66A000B884D /* Bridge-Pattern */ = {
			isa = PBXGroup;
			children = (
				563199422466A801000B884D /* BridgePattern.swift */,
			);
			path = "Bridge-Pattern";
			sourceTree = "<group>";
		};
		563199442468E3C1000B884D /* Proxy-Pattern */ = {
			isa = PBXGroup;
			children = (
				563199452468E3D6000B884D /* ProxyPattern.swift */,
			);
			path = "Proxy-Pattern";
			sourceTree = "<group>";
		};
		563199472468E8C1000B884D /* Decorator-Pattern */ = {
			isa = PBXGroup;
			children = (
				563199482468E8D2000B884D /* DecoratorPattern.swift */,
			);
			path = "Decorator-Pattern";
			sourceTree = "<group>";
		};
		5631994A2468FB1C000B884D /* Flyweight-Pattern */ = {
			isa = PBXGroup;
			children = (
				5631994B2468FB29000B884D /* FlyweightPattern.swift */,
			);
			path = "Flyweight-Pattern";
			sourceTree = "<group>";
		};
		5631994D24691B1F000B884D /* Template-Method-Pattern */ = {
			isa = PBXGroup;
			children = (
				5631994E24691B34000B884D /* TemplateMethodPattern.swift */,
			);
			path = "Template-Method-Pattern";
			sourceTree = "<group>";
		};
		5631995024691B4F000B884D /* Strategy-Pattern */ = {
			isa = PBXGroup;
			children = (
				5631995124691B5B000B884D /* StrategyPattern.swift */,
			);
			path = "Strategy-Pattern";
			sourceTree = "<group>";
		};
		5631995324691B66000B884D /* State-Pattern */ = {
			isa = PBXGroup;
			children = (
				5631995424691B72000B884D /* StatePattern.swift */,
			);
			path = "State-Pattern";
			sourceTree = "<group>";
		};
		5631995624691B7E000B884D /* Observer-Pattern */ = {
			isa = PBXGroup;
			children = (
				5631995724691B8A000B884D /* ObserverPattern.swift */,
			);
			path = "Observer-Pattern";
			sourceTree = "<group>";
		};
		5631995924691BA2000B884D /* Mediator-Pattern */ = {
			isa = PBXGroup;
			children = (
				5631995A24691BB0000B884D /* MediatorPattern.swift */,
			);
			path = "Mediator-Pattern";
			sourceTree = "<group>";
		};
/* End PBXGroup section */

/* Begin PBXNativeTarget section */
		5607883C24654E3100C562E5 /* Design-Patterns */ = {
			isa = PBXNativeTarget;
			buildConfigurationList = 5607885424654E3400C562E5 /* Build configuration list for PBXNativeTarget "Design-Patterns" */;
			buildPhases = (
				5607883924654E3100C562E5 /* Sources */,
				5607883A24654E3100C562E5 /* Frameworks */,
				5607883B24654E3100C562E5 /* Resources */,
			);
			buildRules = (
			);
			dependencies = (
			);
			name = "Design-Patterns";
			productName = "Design-Patterns";
			productReference = 5607883D24654E3100C562E5 /* Design-Patterns.app */;
			productType = "com.apple.product-type.application";
		};
/* End PBXNativeTarget section */

/* Begin PBXProject section */
		5607883524654E3100C562E5 /* Project object */ = {
			isa = PBXProject;
			attributes = {
				LastSwiftUpdateCheck = 1130;
				LastUpgradeCheck = 1130;
				ORGANIZATIONNAME = "刘朋坤";
				TargetAttributes = {
					5607883C24654E3100C562E5 = {
						CreatedOnToolsVersion = 11.3.1;
					};
				};
			};
			buildConfigurationList = 5607883824654E3100C562E5 /* Build configuration list for PBXProject "Design-Patterns" */;
			compatibilityVersion = "Xcode 9.3";
			developmentRegion = en;
			hasScannedForEncodings = 0;
			knownRegions = (
				en,
				Base,
			);
			mainGroup = 5607883424654E3100C562E5;
			productRefGroup = 5607883E24654E3100C562E5 /* Products */;
			projectDirPath = "";
			projectRoot = "";
			targets = (
				5607883C24654E3100C562E5 /* Design-Patterns */,
			);
		};
/* End PBXProject section */

/* Begin PBXResourcesBuildPhase section */
		5607883B24654E3100C562E5 /* Resources */ = {
			isa = PBXResourcesBuildPhase;
			buildActionMask = 2147483647;
			files = (
				5607885024654E3400C562E5 /* LaunchScreen.storyboard in Resources */,
				5607884D24654E3400C562E5 /* Assets.xcassets in Resources */,
				5607884824654E3100C562E5 /* Main.storyboard in Resources */,
			);
			runOnlyForDeploymentPostprocessing = 0;
		};
/* End PBXResourcesBuildPhase section */

/* Begin PBXSourcesBuildPhase section */
		5607883924654E3100C562E5 /* Sources */ = {
			isa = PBXSourcesBuildPhase;
			buildActionMask = 2147483647;
			files = (
				5607884524654E3100C562E5 /* ViewController.swift in Sources */,
				56319931246652F5000B884D /* AbstractFactoryPattern.swift in Sources */,
				5631993424665800000B884D /* SingletonPattern.swift in Sources */,
				5631993D24668268000B884D /* FacadePattern.swift in Sources */,
				5607884124654E3100C562E5 /* AppDelegate.swift in Sources */,
				563199462468E3D6000B884D /* ProxyPattern.swift in Sources */,
				5631995824691B8A000B884D /* ObserverPattern.swift in Sources */,
				5631995B24691BB0000B884D /* MediatorPattern.swift in Sources */,
				563199492468E8D2000B884D /* DecoratorPattern.swift in Sources */,
				5607885924654FBE00C562E5 /* ChainOfResponsibility.swift in Sources */,
				5631993A24666B2E000B884D /* PrototypePattern.swift in Sources */,
				5631993724665CAE000B884D /* BuilderPattern.swift in Sources */,
				56319928246646CC000B884D /* Iterator.swift in Sources */,
				5631992B24664C24000B884D /* SimpleFactoryPattern.swift in Sources */,
				5607884B24654E3100C562E5 /* Design_Patterns.xcdatamodeld in Sources */,
				5631992E2466506E000B884D /* FactoryMethodPattern.swift in Sources */,
				5607884324654E3100C562E5 /* SceneDelegate.swift in Sources */,
				5631992224663CBE000B884D /* Command.swift in Sources */,
				5631994F24691B34000B884D /* TemplateMethodPattern.swift in Sources */,
				5631995224691B5B000B884D /* StrategyPattern.swift in Sources */,
				563199402466907D000B884D /* AdapterPattern.swift in Sources */,
				56319925246640DA000B884D /* Interpreter.swift in Sources */,
				5631994C2468FB29000B884D /* FlyweightPattern.swift in Sources */,
				563199432466A801000B884D /* BridgePattern.swift in Sources */,
				5631995524691B72000B884D /* StatePattern.swift in Sources */,
			);
			runOnlyForDeploymentPostprocessing = 0;
		};
/* End PBXSourcesBuildPhase section */

/* Begin PBXVariantGroup section */
		5607884624654E3100C562E5 /* Main.storyboard */ = {
			isa = PBXVariantGroup;
			children = (
				5607884724654E3100C562E5 /* Base */,
			);
			name = Main.storyboard;
			sourceTree = "<group>";
		};
		5607884E24654E3400C562E5 /* LaunchScreen.storyboard */ = {
			isa = PBXVariantGroup;
			children = (
				5607884F24654E3400C562E5 /* Base */,
			);
			name = LaunchScreen.storyboard;
			sourceTree = "<group>";
		};
/* End PBXVariantGroup section */

/* Begin XCBuildConfiguration section */
		5607885224654E3400C562E5 /* Debug */ = {
			isa = XCBuildConfiguration;
			buildSettings = {
				ALWAYS_SEARCH_USER_PATHS = NO;
				CLANG_ANALYZER_NONNULL = YES;
				CLANG_ANALYZER_NUMBER_OBJECT_CONVERSION = YES_AGGRESSIVE;
				CLANG_CXX_LANGUAGE_STANDARD = "gnu++14";
				CLANG_CXX_LIBRARY = "libc++";
				CLANG_ENABLE_MODULES = YES;
				CLANG_ENABLE_OBJC_ARC = YES;
				CLANG_ENABLE_OBJC_WEAK = YES;
				CLANG_WARN_BLOCK_CAPTURE_AUTORELEASING = YES;
				CLANG_WARN_BOOL_CONVERSION = YES;
				CLANG_WARN_COMMA = YES;
				CLANG_WARN_CONSTANT_CONVERSION = YES;
				CLANG_WARN_DEPRECATED_OBJC_IMPLEMENTATIONS = YES;
				CLANG_WARN_DIRECT_OBJC_ISA_USAGE = YES_ERROR;
				CLANG_WARN_DOCUMENTATION_COMMENTS = YES;
				CLANG_WARN_EMPTY_BODY = YES;
				CLANG_WARN_ENUM_CONVERSION = YES;
				CLANG_WARN_INFINITE_RECURSION = YES;
				CLANG_WARN_INT_CONVERSION = YES;
				CLANG_WARN_NON_LITERAL_NULL_CONVERSION = YES;
				CLANG_WARN_OBJC_IMPLICIT_RETAIN_SELF = YES;
				CLANG_WARN_OBJC_LITERAL_CONVERSION = YES;
				CLANG_WARN_OBJC_ROOT_CLASS = YES_ERROR;
				CLANG_WARN_RANGE_LOOP_ANALYSIS = YES;
				CLANG_WARN_STRICT_PROTOTYPES = YES;
				CLANG_WARN_SUSPICIOUS_MOVE = YES;
				CLANG_WARN_UNGUARDED_AVAILABILITY = YES_AGGRESSIVE;
				CLANG_WARN_UNREACHABLE_CODE = YES;
				CLANG_WARN__DUPLICATE_METHOD_MATCH = YES;
				COPY_PHASE_STRIP = NO;
				DEBUG_INFORMATION_FORMAT = dwarf;
				ENABLE_STRICT_OBJC_MSGSEND = YES;
				ENABLE_TESTABILITY = YES;
				GCC_C_LANGUAGE_STANDARD = gnu11;
				GCC_DYNAMIC_NO_PIC = NO;
				GCC_NO_COMMON_BLOCKS = YES;
				GCC_OPTIMIZATION_LEVEL = 0;
				GCC_PREPROCESSOR_DEFINITIONS = (
					"DEBUG=1",
					"$(inherited)",
				);
				GCC_WARN_64_TO_32_BIT_CONVERSION = YES;
				GCC_WARN_ABOUT_RETURN_TYPE = YES_ERROR;
				GCC_WARN_UNDECLARED_SELECTOR = YES;
				GCC_WARN_UNINITIALIZED_AUTOS = YES_AGGRESSIVE;
				GCC_WARN_UNUSED_FUNCTION = YES;
				GCC_WARN_UNUSED_VARIABLE = YES;
				IPHONEOS_DEPLOYMENT_TARGET = 13.2;
				MTL_ENABLE_DEBUG_INFO = INCLUDE_SOURCE;
				MTL_FAST_MATH = YES;
				ONLY_ACTIVE_ARCH = YES;
				SDKROOT = iphoneos;
				SWIFT_ACTIVE_COMPILATION_CONDITIONS = DEBUG;
				SWIFT_OPTIMIZATION_LEVEL = "-Onone";
			};
			name = Debug;
		};
		5607885324654E3400C562E5 /* Release */ = {
			isa = XCBuildConfiguration;
			buildSettings = {
				ALWAYS_SEARCH_USER_PATHS = NO;
				CLANG_ANALYZER_NONNULL = YES;
				CLANG_ANALYZER_NUMBER_OBJECT_CONVERSION = YES_AGGRESSIVE;
				CLANG_CXX_LANGUAGE_STANDARD = "gnu++14";
				CLANG_CXX_LIBRARY = "libc++";
				CLANG_ENABLE_MODULES = YES;
				CLANG_ENABLE_OBJC_ARC = YES;
				CLANG_ENABLE_OBJC_WEAK = YES;
				CLANG_WARN_BLOCK_CAPTURE_AUTORELEASING = YES;
				CLANG_WARN_BOOL_CONVERSION = YES;
				CLANG_WARN_COMMA = YES;
				CLANG_WARN_CONSTANT_CONVERSION = YES;
				CLANG_WARN_DEPRECATED_OBJC_IMPLEMENTATIONS = YES;
				CLANG_WARN_DIRECT_OBJC_ISA_USAGE = YES_ERROR;
				CLANG_WARN_DOCUMENTATION_COMMENTS = YES;
				CLANG_WARN_EMPTY_BODY = YES;
				CLANG_WARN_ENUM_CONVERSION = YES;
				CLANG_WARN_INFINITE_RECURSION = YES;
				CLANG_WARN_INT_CONVERSION = YES;
				CLANG_WARN_NON_LITERAL_NULL_CONVERSION = YES;
				CLANG_WARN_OBJC_IMPLICIT_RETAIN_SELF = YES;
				CLANG_WARN_OBJC_LITERAL_CONVERSION = YES;
				CLANG_WARN_OBJC_ROOT_CLASS = YES_ERROR;
				CLANG_WARN_RANGE_LOOP_ANALYSIS = YES;
				CLANG_WARN_STRICT_PROTOTYPES = YES;
				CLANG_WARN_SUSPICIOUS_MOVE = YES;
				CLANG_WARN_UNGUARDED_AVAILABILITY = YES_AGGRESSIVE;
				CLANG_WARN_UNREACHABLE_CODE = YES;
				CLANG_WARN__DUPLICATE_METHOD_MATCH = YES;
				COPY_PHASE_STRIP = NO;
				DEBUG_INFORMATION_FORMAT = "dwarf-with-dsym";
				ENABLE_NS_ASSERTIONS = NO;
				ENABLE_STRICT_OBJC_MSGSEND = YES;
				GCC_C_LANGUAGE_STANDARD = gnu11;
				GCC_NO_COMMON_BLOCKS = YES;
				GCC_WARN_64_TO_32_BIT_CONVERSION = YES;
				GCC_WARN_ABOUT_RETURN_TYPE = YES_ERROR;
				GCC_WARN_UNDECLARED_SELECTOR = YES;
				GCC_WARN_UNINITIALIZED_AUTOS = YES_AGGRESSIVE;
				GCC_WARN_UNUSED_FUNCTION = YES;
				GCC_WARN_UNUSED_VARIABLE = YES;
				IPHONEOS_DEPLOYMENT_TARGET = 13.2;
				MTL_ENABLE_DEBUG_INFO = NO;
				MTL_FAST_MATH = YES;
				SDKROOT = iphoneos;
				SWIFT_COMPILATION_MODE = wholemodule;
				SWIFT_OPTIMIZATION_LEVEL = "-O";
				VALIDATE_PRODUCT = YES;
			};
			name = Release;
		};
		5607885524654E3400C562E5 /* Debug */ = {
			isa = XCBuildConfiguration;
			buildSettings = {
				ASSETCATALOG_COMPILER_APPICON_NAME = AppIcon;
				CODE_SIGN_STYLE = Automatic;
				INFOPLIST_FILE = "Design-Patterns/Info.plist";
				LD_RUNPATH_SEARCH_PATHS = (
					"$(inherited)",
					"@executable_path/Frameworks",
				);
				PRODUCT_BUNDLE_IDENTIFIER = "liupengkun.Design-Patterns";
				PRODUCT_NAME = "$(TARGET_NAME)";
				SWIFT_VERSION = 5.0;
				TARGETED_DEVICE_FAMILY = "1,2";
			};
			name = Debug;
		};
		5607885624654E3400C562E5 /* Release */ = {
			isa = XCBuildConfiguration;
			buildSettings = {
				ASSETCATALOG_COMPILER_APPICON_NAME = AppIcon;
				CODE_SIGN_STYLE = Automatic;
				INFOPLIST_FILE = "Design-Patterns/Info.plist";
				LD_RUNPATH_SEARCH_PATHS = (
					"$(inherited)",
					"@executable_path/Frameworks",
				);
				PRODUCT_BUNDLE_IDENTIFIER = "liupengkun.Design-Patterns";
				PRODUCT_NAME = "$(TARGET_NAME)";
				SWIFT_VERSION = 5.0;
				TARGETED_DEVICE_FAMILY = "1,2";
			};
			name = Release;
		};
/* End XCBuildConfiguration section */

/* Begin XCConfigurationList section */
		5607883824654E3100C562E5 /* Build configuration list for PBXProject "Design-Patterns" */ = {
			isa = XCConfigurationList;
			buildConfigurations = (
				5607885224654E3400C562E5 /* Debug */,
				5607885324654E3400C562E5 /* Release */,
			);
			defaultConfigurationIsVisible = 0;
			defaultConfigurationName = Release;
		};
		5607885424654E3400C562E5 /* Build configuration list for PBXNativeTarget "Design-Patterns" */ = {
			isa = XCConfigurationList;
			buildConfigurations = (
				5607885524654E3400C562E5 /* Debug */,
				5607885624654E3400C562E5 /* Release */,
			);
			defaultConfigurationIsVisible = 0;
			defaultConfigurationName = Release;
		};
/* End XCConfigurationList section */

/* Begin XCVersionGroup section */
		5607884924654E3100C562E5 /* Design_Patterns.xcdatamodeld */ = {
			isa = XCVersionGroup;
			children = (
				5607884A24654E3100C562E5 /* Design_Patterns.xcdatamodel */,
			);
			currentVersion = 5607884A24654E3100C562E5 /* Design_Patterns.xcdatamodel */;
			path = Design_Patterns.xcdatamodeld;
			sourceTree = "<group>";
			versionGroupType = wrapper.xcdatamodel;
		};
/* End XCVersionGroup section */
	};
	rootObject = 5607883524654E3100C562E5 /* Project object */;
}
